// !$*UTF8*$!
{
	archiveVersion = 1;
	classes = {
	};
	objectVersion = 50;
	objects = {

/* Begin PBXBuildFile section */
		5BF77EA6C645AA0CD3E11E34 /* Pods_VideoGameLibraryIOS.framework in Frameworks */ = {isa = PBXBuildFile; fileRef = FF5550F5015AE465DA004C99 /* Pods_VideoGameLibraryIOS.framework */; };
		FB16062221875CED005A371E /* LibraryViewController.swift in Sources */ = {isa = PBXBuildFile; fileRef = FB16062121875CED005A371E /* LibraryViewController.swift */; };
		FB2691122187568000717842 /* AppDelegate.swift in Sources */ = {isa = PBXBuildFile; fileRef = FB2691112187568000717842 /* AppDelegate.swift */; };
		FB2691172187568000717842 /* Main.storyboard in Resources */ = {isa = PBXBuildFile; fileRef = FB2691152187568000717842 /* Main.storyboard */; };
		FB2691192187568100717842 /* Assets.xcassets in Resources */ = {isa = PBXBuildFile; fileRef = FB2691182187568100717842 /* Assets.xcassets */; };
		FB26911C2187568100717842 /* LaunchScreen.storyboard in Resources */ = {isa = PBXBuildFile; fileRef = FB26911A2187568100717842 /* LaunchScreen.storyboard */; };
		FB8A0594218B53A400C365B2 /* LibraryCell.swift in Sources */ = {isa = PBXBuildFile; fileRef = FB8A0593218B53A400C365B2 /* LibraryCell.swift */; };
		FBE348C4218777C500319515 /* Game.swift in Sources */ = {isa = PBXBuildFile; fileRef = FBE348C3218777C500319515 /* Game.swift */; };
		FBE348C621877D1300319515 /* Library.swift in Sources */ = {isa = PBXBuildFile; fileRef = FBE348C521877D1300319515 /* Library.swift */; };
		FBE348C82187859A00319515 /* AddGameViewController.swift in Sources */ = {isa = PBXBuildFile; fileRef = FBE348C72187859A00319515 /* AddGameViewController.swift */; };
/* End PBXBuildFile section */

/* Begin PBXFileReference section */
		98E1FFD14F0F85CFDA3972BE /* Pods-VideoGameLibraryIOS.debug.xcconfig */ = {isa = PBXFileReference; includeInIndex = 1; lastKnownFileType = text.xcconfig; name = "Pods-VideoGameLibraryIOS.debug.xcconfig"; path = "Pods/Target Support Files/Pods-VideoGameLibraryIOS/Pods-VideoGameLibraryIOS.debug.xcconfig"; sourceTree = "<group>"; };
		CDE2BD00204B9218A518E79D /* Pods-VideoGameLibraryIOS.release.xcconfig */ = {isa = PBXFileReference; includeInIndex = 1; lastKnownFileType = text.xcconfig; name = "Pods-VideoGameLibraryIOS.release.xcconfig"; path = "Pods/Target Support Files/Pods-VideoGameLibraryIOS/Pods-VideoGameLibraryIOS.release.xcconfig"; sourceTree = "<group>"; };
		FB16062121875CED005A371E /* LibraryViewController.swift */ = {isa = PBXFileReference; lastKnownFileType = sourcecode.swift; path = LibraryViewController.swift; sourceTree = "<group>"; };
		FB26910E2187568000717842 /* VideoGameLibraryIOS.app */ = {isa = PBXFileReference; explicitFileType = wrapper.application; includeInIndex = 0; path = VideoGameLibraryIOS.app; sourceTree = BUILT_PRODUCTS_DIR; };
		FB2691112187568000717842 /* AppDelegate.swift */ = {isa = PBXFileReference; lastKnownFileType = sourcecode.swift; path = AppDelegate.swift; sourceTree = "<group>"; };
		FB2691162187568000717842 /* Base */ = {isa = PBXFileReference; lastKnownFileType = file.storyboard; name = Base; path = Base.lproj/Main.storyboard; sourceTree = "<group>"; };
		FB2691182187568100717842 /* Assets.xcassets */ = {isa = PBXFileReference; lastKnownFileType = folder.assetcatalog; path = Assets.xcassets; sourceTree = "<group>"; };
		FB26911B2187568100717842 /* Base */ = {isa = PBXFileReference; lastKnownFileType = file.storyboard; name = Base; path = Base.lproj/LaunchScreen.storyboard; sourceTree = "<group>"; };
		FB26911D2187568100717842 /* Info.plist */ = {isa = PBXFileReference; lastKnownFileType = text.plist.xml; path = Info.plist; sourceTree = "<group>"; };
		FB8A0593218B53A400C365B2 /* LibraryCell.swift */ = {isa = PBXFileReference; lastKnownFileType = sourcecode.swift; path = LibraryCell.swift; sourceTree = "<group>"; };
		FBE348C3218777C500319515 /* Game.swift */ = {isa = PBXFileReference; lastKnownFileType = sourcecode.swift; path = Game.swift; sourceTree = "<group>"; };
		FBE348C521877D1300319515 /* Library.swift */ = {isa = PBXFileReference; lastKnownFileType = sourcecode.swift; path = Library.swift; sourceTree = "<group>"; };
		FBE348C72187859A00319515 /* AddGameViewController.swift */ = {isa = PBXFileReference; lastKnownFileType = sourcecode.swift; path = AddGameViewController.swift; sourceTree = "<group>"; };
		FF5550F5015AE465DA004C99 /* Pods_VideoGameLibraryIOS.framework */ = {isa = PBXFileReference; explicitFileType = wrapper.framework; includeInIndex = 0; path = Pods_VideoGameLibraryIOS.framework; sourceTree = BUILT_PRODUCTS_DIR; };
/* End PBXFileReference section */

/* Begin PBXFrameworksBuildPhase section */
		FB26910B2187568000717842 /* Frameworks */ = {
			isa = PBXFrameworksBuildPhase;
			buildActionMask = 2147483647;
			files = (
				5BF77EA6C645AA0CD3E11E34 /* Pods_VideoGameLibraryIOS.framework in Frameworks */,
			);
			runOnlyForDeploymentPostprocessing = 0;
		};
/* End PBXFrameworksBuildPhase section */

/* Begin PBXGroup section */
		6561B9983010549BF3B7C344 /* Frameworks */ = {
			isa = PBXGroup;
			children = (
				FF5550F5015AE465DA004C99 /* Pods_VideoGameLibraryIOS.framework */,
			);
			name = Frameworks;
			sourceTree = "<group>";
		};
		6F6902889BB04099ED17C072 /* Pods */ = {
			isa = PBXGroup;
			children = (
				98E1FFD14F0F85CFDA3972BE /* Pods-VideoGameLibraryIOS.debug.xcconfig */,
				CDE2BD00204B9218A518E79D /* Pods-VideoGameLibraryIOS.release.xcconfig */,
			);
			name = Pods;
			sourceTree = "<group>";
		};
		FB2691052187568000717842 = {
			isa = PBXGroup;
			children = (
				FB2691102187568000717842 /* VideoGameLibraryIOS */,
				FB26910F2187568000717842 /* Products */,
				6F6902889BB04099ED17C072 /* Pods */,
				6561B9983010549BF3B7C344 /* Frameworks */,
			);
			sourceTree = "<group>";
		};
		FB26910F2187568000717842 /* Products */ = {
			isa = PBXGroup;
			children = (
				FB26910E2187568000717842 /* VideoGameLibraryIOS.app */,
			);
			name = Products;
			sourceTree = "<group>";
		};
		FB2691102187568000717842 /* VideoGameLibraryIOS */ = {
			isa = PBXGroup;
			children = (
				FB2691112187568000717842 /* AppDelegate.swift */,
				FB2691152187568000717842 /* Main.storyboard */,
				FB16062121875CED005A371E /* LibraryViewController.swift */,
				FBE348C72187859A00319515 /* AddGameViewController.swift */,
				FBE348C3218777C500319515 /* Game.swift */,
				FBE348C521877D1300319515 /* Library.swift */,
				FB8A0593218B53A400C365B2 /* LibraryCell.swift */,
				FB2691182187568100717842 /* Assets.xcassets */,
				FB26911A2187568100717842 /* LaunchScreen.storyboard */,
				FB26911D2187568100717842 /* Info.plist */,
			);
			path = VideoGameLibraryIOS;
			sourceTree = "<group>";
		};
/* End PBXGroup section */

/* Begin PBXNativeTarget section */
		FB26910D2187568000717842 /* VideoGameLibraryIOS */ = {
			isa = PBXNativeTarget;
			buildConfigurationList = FB2691202187568100717842 /* Build configuration list for PBXNativeTarget "VideoGameLibraryIOS" */;
			buildPhases = (
				7D461CA9CA029AB55C61EC26 /* [CP] Check Pods Manifest.lock */,
				FB26910A2187568000717842 /* Sources */,
				FB26910B2187568000717842 /* Frameworks */,
				FB26910C2187568000717842 /* Resources */,
				E4C77186D36D93EA9DF0989D /* [CP] Embed Pods Frameworks */,
			);
			buildRules = (
			);
			dependencies = (
			);
			name = VideoGameLibraryIOS;
			productName = VideoGameLibraryIOS;
			productReference = FB26910E2187568000717842 /* VideoGameLibraryIOS.app */;
			productType = "com.apple.product-type.application";
		};
/* End PBXNativeTarget section */

/* Begin PBXProject section */
		FB2691062187568000717842 /* Project object */ = {
			isa = PBXProject;
			attributes = {
				LastSwiftUpdateCheck = 1000;
				LastUpgradeCheck = 1000;
				ORGANIZATIONNAME = "Andrew Beauchamp";
				TargetAttributes = {
					FB26910D2187568000717842 = {
						CreatedOnToolsVersion = 10.0;
					};
				};
			};
			buildConfigurationList = FB2691092187568000717842 /* Build configuration list for PBXProject "VideoGameLibraryIOS" */;
			compatibilityVersion = "Xcode 9.3";
			developmentRegion = en;
			hasScannedForEncodings = 0;
			knownRegions = (
				en,
				Base,
			);
			mainGroup = FB2691052187568000717842;
			productRefGroup = FB26910F2187568000717842 /* Products */;
			projectDirPath = "";
			projectRoot = "";
			targets = (
				FB26910D2187568000717842 /* VideoGameLibraryIOS */,
			);
		};
/* End PBXProject section */

/* Begin PBXResourcesBuildPhase section */
		FB26910C2187568000717842 /* Resources */ = {
			isa = PBXResourcesBuildPhase;
			buildActionMask = 2147483647;
			files = (
				FB26911C2187568100717842 /* LaunchScreen.storyboard in Resources */,
				FB2691192187568100717842 /* Assets.xcassets in Resources */,
				FB2691172187568000717842 /* Main.storyboard in Resources */,
			);
			runOnlyForDeploymentPostprocessing = 0;
		};
/* End PBXResourcesBuildPhase section */

/* Begin PBXShellScriptBuildPhase section */
		7D461CA9CA029AB55C61EC26 /* [CP] Check Pods Manifest.lock */ = {
			isa = PBXShellScriptBuildPhase;
			buildActionMask = 2147483647;
			files = (
			);
			inputPaths = (
				"${PODS_PODFILE_DIR_PATH}/Podfile.lock",
				"${PODS_ROOT}/Manifest.lock",
			);
			name = "[CP] Check Pods Manifest.lock";
			outputPaths = (
				"$(DERIVED_FILE_DIR)/Pods-VideoGameLibraryIOS-checkManifestLockResult.txt",
			);
			runOnlyForDeploymentPostprocessing = 0;
			shellPath = /bin/sh;
			shellScript = "diff \"${PODS_PODFILE_DIR_PATH}/Podfile.lock\" \"${PODS_ROOT}/Manifest.lock\" > /dev/null\nif [ $? != 0 ] ; then\n    # print error to STDERR\n    echo \"error: The sandbox is not in sync with the Podfile.lock. Run 'pod install' or update your CocoaPods installation.\" >&2\n    exit 1\nfi\n# This output is used by Xcode 'outputs' to avoid re-running this script phase.\necho \"SUCCESS\" > \"${SCRIPT_OUTPUT_FILE_0}\"\n";
			showEnvVarsInLog = 0;
		};
		E4C77186D36D93EA9DF0989D /* [CP] Embed Pods Frameworks */ = {
			isa = PBXShellScriptBuildPhase;
			buildActionMask = 2147483647;
			files = (
			);
			inputPaths = (
				"${SRCROOT}/Pods/Target Support Files/Pods-VideoGameLibraryIOS/Pods-VideoGameLibraryIOS-frameworks.sh",
				"${BUILT_PRODUCTS_DIR}/DZNEmptyDataSet/DZNEmptyDataSet.framework",
				"${BUILT_PRODUCTS_DIR}/Realm/Realm.framework",
				"${BUILT_PRODUCTS_DIR}/RealmSwift/RealmSwift.framework",
			);
			name = "[CP] Embed Pods Frameworks";
			outputPaths = (
				"${TARGET_BUILD_DIR}/${FRAMEWORKS_FOLDER_PATH}/DZNEmptyDataSet.framework",
				"${TARGET_BUILD_DIR}/${FRAMEWORKS_FOLDER_PATH}/Realm.framework",
				"${TARGET_BUILD_DIR}/${FRAMEWORKS_FOLDER_PATH}/RealmSwift.framework",
			);
			runOnlyForDeploymentPostprocessing = 0;
			shellPath = /bin/sh;
			shellScript = "\"${SRCROOT}/Pods/Target Support Files/Pods-VideoGameLibraryIOS/Pods-VideoGameLibraryIOS-frameworks.sh\"\n";
			showEnvVarsInLog = 0;
		};
/* End PBXShellScriptBuildPhase section */

/* Begin PBXSourcesBuildPhase section */
		FB26910A2187568000717842 /* Sources */ = {
			isa = PBXSourcesBuildPhase;
			buildActionMask = 2147483647;
			files = (
				FBE348C82187859A00319515 /* AddGameViewController.swift in Sources */,
				FB16062221875CED005A371E /* LibraryViewController.swift in Sources */,
				FBE348C621877D1300319515 /* Library.swift in Sources */,
				FB8A0594218B53A400C365B2 /* LibraryCell.swift in Sources */,
				FBE348C4218777C500319515 /* Game.swift in Sources */,
				FB2691122187568000717842 /* AppDelegate.swift in Sources */,
			);
			runOnlyForDeploymentPostprocessing = 0;
		};
/* End PBXSourcesBuildPhase section */

/* Begin PBXVariantGroup section */
		FB2691152187568000717842 /* Main.storyboard */ = {
			isa = PBXVariantGroup;
			children = (
				FB2691162187568000717842 /* Base */,
			);
			name = Main.storyboard;
			sourceTree = "<group>";
		};
		FB26911A2187568100717842 /* LaunchScreen.storyboard */ = {
			isa = PBXVariantGroup;
			children = (
				FB26911B2187568100717842 /* Base */,
			);
			name = LaunchScreen.storyboard;
			sourceTree = "<group>";
		};
/* End PBXVariantGroup section */

/* Begin XCBuildConfiguration section */
		FB26911E2187568100717842 /* Debug */ = {
			isa = XCBuildConfiguration;
			buildSettings = {
				ALWAYS_SEARCH_USER_PATHS = NO;
				CLANG_ANALYZER_NONNULL = YES;
				CLANG_ANALYZER_NUMBER_OBJECT_CONVERSION = YES_AGGRESSIVE;
				CLANG_CXX_LANGUAGE_STANDARD = "gnu++14";
				CLANG_CXX_LIBRARY = "libc++";
				CLANG_ENABLE_MODULES = YES;
				CLANG_ENABLE_OBJC_ARC = YES;
				CLANG_ENABLE_OBJC_WEAK = YES;
				CLANG_WARN_BLOCK_CAPTURE_AUTORELEASING = YES;
				CLANG_WARN_BOOL_CONVERSION = YES;
				CLANG_WARN_COMMA = YES;
				CLANG_WARN_CONSTANT_CONVERSION = YES;
				CLANG_WARN_DEPRECATED_OBJC_IMPLEMENTATIONS = YES;
				CLANG_WARN_DIRECT_OBJC_ISA_USAGE = YES_ERROR;
				CLANG_WARN_DOCUMENTATION_COMMENTS = YES;
				CLANG_WARN_EMPTY_BODY = YES;
				CLANG_WARN_ENUM_CONVERSION = YES;
				CLANG_WARN_INFINITE_RECURSION = YES;
				CLANG_WARN_INT_CONVERSION = YES;
				CLANG_WARN_NON_LITERAL_NULL_CONVERSION = YES;
				CLANG_WARN_OBJC_IMPLICIT_RETAIN_SELF = YES;
				CLANG_WARN_OBJC_LITERAL_CONVERSION = YES;
				CLANG_WARN_OBJC_ROOT_CLASS = YES_ERROR;
				CLANG_WARN_RANGE_LOOP_ANALYSIS = YES;
				CLANG_WARN_STRICT_PROTOTYPES = YES;
				CLANG_WARN_SUSPICIOUS_MOVE = YES;
				CLANG_WARN_UNGUARDED_AVAILABILITY = YES_AGGRESSIVE;
				CLANG_WARN_UNREACHABLE_CODE = YES;
				CLANG_WARN__DUPLICATE_METHOD_MATCH = YES;
				CODE_SIGN_IDENTITY = "iPhone Developer";
				COPY_PHASE_STRIP = NO;
				DEBUG_INFORMATION_FORMAT = dwarf;
				ENABLE_STRICT_OBJC_MSGSEND = YES;
				ENABLE_TESTABILITY = YES;
				GCC_C_LANGUAGE_STANDARD = gnu11;
				GCC_DYNAMIC_NO_PIC = NO;
				GCC_NO_COMMON_BLOCKS = YES;
				GCC_OPTIMIZATION_LEVEL = 0;
				GCC_PREPROCESSOR_DEFINITIONS = (
					"DEBUG=1",
					"$(inherited)",
				);
				GCC_WARN_64_TO_32_BIT_CONVERSION = YES;
				GCC_WARN_ABOUT_RETURN_TYPE = YES_ERROR;
				GCC_WARN_UNDECLARED_SELECTOR = YES;
				GCC_WARN_UNINITIALIZED_AUTOS = YES_AGGRESSIVE;
				GCC_WARN_UNUSED_FUNCTION = YES;
				GCC_WARN_UNUSED_VARIABLE = YES;
				IPHONEOS_DEPLOYMENT_TARGET = 12.0;
				MTL_ENABLE_DEBUG_INFO = INCLUDE_SOURCE;
				MTL_FAST_MATH = YES;
				ONLY_ACTIVE_ARCH = YES;
				SDKROOT = iphoneos;
				SWIFT_ACTIVE_COMPILATION_CONDITIONS = DEBUG;
				SWIFT_OPTIMIZATION_LEVEL = "-Onone";
			};
			name = Debug;
		};
		FB26911F2187568100717842 /* Release */ = {
			isa = XCBuildConfiguration;
			buildSettings = {
				ALWAYS_SEARCH_USER_PATHS = NO;
				CLANG_ANALYZER_NONNULL = YES;
				CLANG_ANALYZER_NUMBER_OBJECT_CONVERSION = YES_AGGRESSIVE;
				CLANG_CXX_LANGUAGE_STANDARD = "gnu++14";
				CLANG_CXX_LIBRARY = "libc++";
				CLANG_ENABLE_MODULES = YES;
				CLANG_ENABLE_OBJC_ARC = YES;
				CLANG_ENABLE_OBJC_WEAK = YES;
				CLANG_WARN_BLOCK_CAPTURE_AUTORELEASING = YES;
				CLANG_WARN_BOOL_CONVERSION = YES;
				CLANG_WARN_COMMA = YES;
				CLANG_WARN_CONSTANT_CONVERSION = YES;
				CLANG_WARN_DEPRECATED_OBJC_IMPLEMENTATIONS = YES;
				CLANG_WARN_DIRECT_OBJC_ISA_USAGE = YES_ERROR;
				CLANG_WARN_DOCUMENTATION_COMMENTS = YES;
				CLANG_WARN_EMPTY_BODY = YES;
				CLANG_WARN_ENUM_CONVERSION = YES;
				CLANG_WARN_INFINITE_RECURSION = YES;
				CLANG_WARN_INT_CONVERSION = YES;
				CLANG_WARN_NON_LITERAL_NULL_CONVERSION = YES;
				CLANG_WARN_OBJC_IMPLICIT_RETAIN_SELF = YES;
				CLANG_WARN_OBJC_LITERAL_CONVERSION = YES;
				CLANG_WARN_OBJC_ROOT_CLASS = YES_ERROR;
				CLANG_WARN_RANGE_LOOP_ANALYSIS = YES;
				CLANG_WARN_STRICT_PROTOTYPES = YES;
				CLANG_WARN_SUSPICIOUS_MOVE = YES;
				CLANG_WARN_UNGUARDED_AVAILABILITY = YES_AGGRESSIVE;
				CLANG_WARN_UNREACHABLE_CODE = YES;
				CLANG_WARN__DUPLICATE_METHOD_MATCH = YES;
				CODE_SIGN_IDENTITY = "iPhone Developer";
				COPY_PHASE_STRIP = NO;
				DEBUG_INFORMATION_FORMAT = "dwarf-with-dsym";
				ENABLE_NS_ASSERTIONS = NO;
				ENABLE_STRICT_OBJC_MSGSEND = YES;
				GCC_C_LANGUAGE_STANDARD = gnu11;
				GCC_NO_COMMON_BLOCKS = YES;
				GCC_WARN_64_TO_32_BIT_CONVERSION = YES;
				GCC_WARN_ABOUT_RETURN_TYPE = YES_ERROR;
				GCC_WARN_UNDECLARED_SELECTOR = YES;
				GCC_WARN_UNINITIALIZED_AUTOS = YES_AGGRESSIVE;
				GCC_WARN_UNUSED_FUNCTION = YES;
				GCC_WARN_UNUSED_VARIABLE = YES;
				IPHONEOS_DEPLOYMENT_TARGET = 12.0;
				MTL_ENABLE_DEBUG_INFO = NO;
				MTL_FAST_MATH = YES;
				SDKROOT = iphoneos;
				SWIFT_COMPILATION_MODE = wholemodule;
				SWIFT_OPTIMIZATION_LEVEL = "-O";
				VALIDATE_PRODUCT = YES;
			};
			name = Release;
		};
		FB2691212187568100717842 /* Debug */ = {
			isa = XCBuildConfiguration;
			baseConfigurationReference = 98E1FFD14F0F85CFDA3972BE /* Pods-VideoGameLibraryIOS.debug.xcconfig */;
			buildSettings = {
				ASSETCATALOG_COMPILER_APPICON_NAME = AppIcon;
				CODE_SIGN_STYLE = Automatic;
				INFOPLIST_FILE = VideoGameLibraryIOS/Info.plist;
				LD_RUNPATH_SEARCH_PATHS = (
					"$(inherited)",
					"@executable_path/Frameworks",
				);
				PRODUCT_BUNDLE_IDENTIFIER = "Andrew-Beauchamp.VideoGameLibraryIOS";
				PRODUCT_NAME = "$(TARGET_NAME)";
				SWIFT_VERSION = 4.2;
				TARGETED_DEVICE_FAMILY = "1,2";
			};
			name = Debug;
		};
		FB2691222187568100717842 /* Release */ = {
			isa = XCBuildConfiguration;
			baseConfigurationReference = CDE2BD00204B9218A518E79D /* Pods-VideoGameLibraryIOS.release.xcconfig */;
			buildSettings = {
				ASSETCATALOG_COMPILER_APPICON_NAME = AppIcon;
				CODE_SIGN_STYLE = Automatic;
				INFOPLIST_FILE = VideoGameLibraryIOS/Info.plist;
				LD_RUNPATH_SEARCH_PATHS = (
					"$(inherited)",
					"@executable_path/Frameworks",
				);
				PRODUCT_BUNDLE_IDENTIFIER = "Andrew-Beauchamp.VideoGameLibraryIOS";
				PRODUCT_NAME = "$(TARGET_NAME)";
				SWIFT_VERSION = 4.2;
				TARGETED_DEVICE_FAMILY = "1,2";
			};
			name = Release;
		};
/* End XCBuildConfiguration section */

/* Begin XCConfigurationList section */
		FB2691092187568000717842 /* Build configuration list for PBXProject "VideoGameLibraryIOS" */ = {
			isa = XCConfigurationList;
			buildConfigurations = (
				FB26911E2187568100717842 /* Debug */,
				FB26911F2187568100717842 /* Release */,
			);
			defaultConfigurationIsVisible = 0;
			defaultConfigurationName = Release;
		};
		FB2691202187568100717842 /* Build configuration list for PBXNativeTarget "VideoGameLibraryIOS" */ = {
			isa = XCConfigurationList;
			buildConfigurations = (
				FB2691212187568100717842 /* Debug */,
				FB2691222187568100717842 /* Release */,
			);
			defaultConfigurationIsVisible = 0;
			defaultConfigurationName = Release;
		};
/* End XCConfigurationList section */
	};
	rootObject = FB2691062187568000717842 /* Project object */;
}
